github.com/sarahangle/goLib v0.0.0-20241218213851-3fe534e038b6 h1:vuoOAQ64eA2SAbUtMTH+oT5TB0vfPJPXJL665Smral8=
github.com/sarahangle/goLib v0.0.0-20241218213851-3fe534e038b6/go.mod h1:YiA4yEQWuBpyrbO7HevY9RMtVbJS6byhU6Y1ZDt3w4w=
github.com/sarahangle/goLib v0.0.0-20241218221957-c7b8626c0aaf h1:jy4p9lBSEVSE/ufLzcWLSZ6eU7KZ9Oump02n8yEw9Lk=
github.com/sarahangle/goLib v0.0.0-20241218221957-c7b8626c0aaf/go.mod h1:YiA4yEQWuBpyrbO7HevY9RMtVbJS6byhU6Y1ZDt3w4w=
github.com/sarahangle/goLib v0.0.0-20241218222401-7f314fca7b01 h1:Pfqqy73DDuyc7b7FLQTeZpgBuryUCgNA1uU9Wgi7uv0=
github.com/sarahangle/goLib v0.0.0-20241218222401-7f314fca7b01/go.mod h1:YiA4yEQWuBpyrbO7HevY9RMtVbJS6byhU6Y1ZDt3w4w=
github.com/sarahangle/goLib v0.0.0-20241218223438-25c1b7dfe7e0 h1:P88nns6oXu6jh70ogePPVEoly3m8TC5N0eR0pJx/W4s=
github.com/sarahangle/goLib v0.0.0-20241218223438-25c1b7dfe7e0/go.mod h1:YiA4yEQWuBpyrbO7HevY9RMtVbJS6byhU6Y1ZDt3w4w=
github.com/sarahangle/goLib v0.0.0-20241218224050-8f64f80daa3a h1:dKzyQmdBe+9ES0jkWGNzaUX1YiI5Y2O2FygxB0VoF8o=
github.com/sarahangle/goLib v0.0.0-20241218224050-8f64f80daa3a/go.mod h1:YiA4yEQWuBpyrbO7HevY9RMtVbJS6byhU6Y1ZDt3w4w=
github.com/sarahangle/goLib v0.0.0-20241218232814-30ec79d4740b h1:2Kdz0gX+l6zTdosFEG4BEE+slLu68B6K4fKnr0fE1j4=
github.com/sarahangle/goLib v0.0.0-20241218232814-30ec79d4740b/go.mod h1:YiA4yEQWuBpyrbO7HevY9RMtVbJS6byhU6Y1ZDt3w4w=
github.com/sarahangle/goLib v0.0.0-20241221201740-65b0b3d2e7ca h1:DLgs6HcDP6Ma/zh2I8Lrv0lDhxWTOltisWZRs1nN27g=
github.com/sarahangle/goLib v0.0.0-20241221201740-65b0b3d2e7ca/go.mod h1:YiA4yEQWuBpyrbO7HevY9RMtVbJS6byhU6Y1ZDt3w4w=
github.com/sarahangle/goLib v0.0.0-20241221202627-0e02eba8af5f h1:UdYwXlTYDKHDEba71vnWUOwbi9g6gPG6DSzsV3S9nEE=
github.com/sarahangle/goLib v0.0.0-20241221202627-0e02eba8af5f/go.mod h1:YiA4yEQWuBpyrbO7HevY9RMtVbJS6byhU6Y1ZDt3w4w=
