github.com/sarahangle/goLib v0.0.0-20241218213851-3fe534e038b6 h1:vuoOAQ64eA2SAbUtMTH+oT5TB0vfPJPXJL665Smral8=
github.com/sarahangle/goLib v0.0.0-20241218213851-3fe534e038b6/go.mod h1:YiA4yEQWuBpyrbO7HevY9RMtVbJS6byhU6Y1ZDt3w4w=
github.com/sarahangle/goLib v0.0.0-20241218221957-c7b8626c0aaf h1:jy4p9lBSEVSE/ufLzcWLSZ6eU7KZ9Oump02n8yEw9Lk=
github.com/sarahangle/goLib v0.0.0-20241218221957-c7b8626c0aaf/go.mod h1:YiA4yEQWuBpyrbO7HevY9RMtVbJS6byhU6Y1ZDt3w4w=
github.com/sarahangle/goLib v0.0.0-20241218222401-7f314fca7b01 h1:Pfqqy73DDuyc7b7FLQTeZpgBuryUCgNA1uU9Wgi7uv0=
github.com/sarahangle/goLib v0.0.0-20241218222401-7f314fca7b01/go.mod h1:YiA4yEQWuBpyrbO7HevY9RMtVbJS6byhU6Y1ZDt3w4w=
github.com/sarahangle/goLib v0.0.0-20241218223438-25c1b7dfe7e0 h1:P88nns6oXu6jh70ogePPVEoly3m8TC5N0eR0pJx/W4s=
github.com/sarahangle/goLib v0.0.0-20241218223438-25c1b7dfe7e0/go.mod h1:YiA4yEQWuBpyrbO7HevY9RMtVbJS6byhU6Y1ZDt3w4w=
